
Microsoft Visual Studio Solution File, Format Version 12.00
# Visual Studio Version 17
VisualStudioVersion = 17.2.32602.215
MinimumVisualStudioVersion = 10.0.40219.1
Project("{FAE04EC0-301F-11D3-BF4B-00C04F79EFBC}") = "Head Injury Companion Application", "Head Injury Companion Application\Head Injury Companion Application.csproj", "{8F431EF8-7858-4F98-A597-B3E863E63644}"
EndProject
Global
	GlobalSection(SolutionConfigurationPlatforms) = preSolution
		Debug|Any CPU = Debug|Any CPU
		Release|Any CPU = Release|Any CPU
	EndGlobalSection
	GlobalSection(ProjectConfigurationPlatforms) = postSolution
		{8F431EF8-7858-4F98-A597-B3E863E63644}.Debug|Any CPU.ActiveCfg = Debug|Any CPU
		{8F431EF8-7858-4F98-A597-B3E863E63644}.Debug|Any CPU.Build.0 = Debug|Any CPU
		{8F431EF8-7858-4F98-A597-B3E863E63644}.Release|Any CPU.ActiveCfg = Release|Any CPU
		{8F431EF8-7858-4F98-A597-B3E863E63644}.Release|Any CPU.Build.0 = Release|Any CPU
	EndGlobalSection
	GlobalSection(SolutionProperties) = preSolution
		HideSolutionNode = FALSE
	EndGlobalSection
	GlobalSection(ExtensibilityGlobals) = postSolution
		SolutionGuid = {FED5818A-A33C-40FB-A1FC-24B792649120}
	EndGlobalSection
EndGlobal
